// !$*UTF8*$!
{
	archiveVersion = 1;
	classes = {
	};
	objectVersion = 56;
	objects = {

/* Begin PBXBuildFile section */
		84A42B8032DF2EAB2E19AB07 /* Pods_Sportero.framework in Frameworks */ = {isa = PBXBuildFile; fileRef = 01883A773EC0A960AA33999C /* Pods_Sportero.framework */; };
		C902B6F32A06B53F0058DEAC /* TennisPlayerDetailsViewController.swift in Sources */ = {isa = PBXBuildFile; fileRef = C902B6F22A06B53F0058DEAC /* TennisPlayerDetailsViewController.swift */; };
		C902B6F62A06EB220058DEAC /* DataBaseService.swift in Sources */ = {isa = PBXBuildFile; fileRef = C902B6F52A06EB220058DEAC /* DataBaseService.swift */; };
		C907304E2A0097B900A49FAD /* FavouriteTableViewCell.swift in Sources */ = {isa = PBXBuildFile; fileRef = C907304D2A0097B900A49FAD /* FavouriteTableViewCell.swift */; };
		C91C67182A003B130083F438 /* splash_screen.json in Resources */ = {isa = PBXBuildFile; fileRef = C91C67172A003B130083F438 /* splash_screen.json */; };
		C91C671A2A003D270083F438 /* SportsViewController.swift in Sources */ = {isa = PBXBuildFile; fileRef = C91C67192A003D270083F438 /* SportsViewController.swift */; };
		C91C671C2A00468F0083F438 /* FavouriteViewController.swift in Sources */ = {isa = PBXBuildFile; fileRef = C91C671B2A00468F0083F438 /* FavouriteViewController.swift */; };
		C92D02F12A07D8340089FF37 /* Fixtures.swift in Sources */ = {isa = PBXBuildFile; fileRef = C92D02F02A07D8340089FF37 /* Fixtures.swift */; };
		C92D02F32A07D8830089FF37 /* LiveScore.swift in Sources */ = {isa = PBXBuildFile; fileRef = C92D02F22A07D8830089FF37 /* LiveScore.swift */; };
		C934D2BB2A03F4AA007121DB /* UpComingEventsCollectionViewCell.swift in Sources */ = {isa = PBXBuildFile; fileRef = C934D2BA2A03F4AA007121DB /* UpComingEventsCollectionViewCell.swift */; };
		C934D2BD2A03F4FC007121DB /* LeagueDetailsViewController.swift in Sources */ = {isa = PBXBuildFile; fileRef = C934D2BC2A03F4FC007121DB /* LeagueDetailsViewController.swift */; };
		C94B28FC2A0A923E00723731 /* OnBoardingViewController.swift in Sources */ = {isa = PBXBuildFile; fileRef = C94B28FB2A0A923E00723731 /* OnBoardingViewController.swift */; };
		C94B28FE2A0ACA1500723731 /* OnBoardingCollectionViewCell.swift in Sources */ = {isa = PBXBuildFile; fileRef = C94B28FD2A0ACA1500723731 /* OnBoardingCollectionViewCell.swift */; };
		C94B29002A0AD5EB00723731 /* UserDefaults+Extension.swift in Sources */ = {isa = PBXBuildFile; fileRef = C94B28FF2A0AD5EB00723731 /* UserDefaults+Extension.swift */; };
		C96DC7AC2A02F46A00DB9306 /* Leagues.swift in Sources */ = {isa = PBXBuildFile; fileRef = C96DC7AB2A02F46A00DB9306 /* Leagues.swift */; };
		C96DC7AE2A02FE4C00DB9306 /* LeagueViewController.swift in Sources */ = {isa = PBXBuildFile; fileRef = C96DC7AD2A02FE4C00DB9306 /* LeagueViewController.swift */; };
		C99B9DE92A0BCD73008DC0E5 /* NetworkManager.swift in Sources */ = {isa = PBXBuildFile; fileRef = C99B9DE82A0BCD73008DC0E5 /* NetworkManager.swift */; };
		C9AC19202A08317900391A61 /* TennisPlayerDetailsViewModel.swift in Sources */ = {isa = PBXBuildFile; fileRef = C9AC191F2A08317900391A61 /* TennisPlayerDetailsViewModel.swift */; };
		C9AC19222A083F5D00391A61 /* FavouriteViewModel.swift in Sources */ = {isa = PBXBuildFile; fileRef = C9AC19212A083F5D00391A61 /* FavouriteViewModel.swift */; };
		C9AC19242A08481C00391A61 /* TeamDetailsViewModel.swift in Sources */ = {isa = PBXBuildFile; fileRef = C9AC19232A08481C00391A61 /* TeamDetailsViewModel.swift */; };
		C9AC192C2A084F9900391A61 /* SporteroTests.swift in Sources */ = {isa = PBXBuildFile; fileRef = C9AC192B2A084F9900391A61 /* SporteroTests.swift */; };
		C9AC19352A0850F200391A61 /* NetworkServicesTest.swift in Sources */ = {isa = PBXBuildFile; fileRef = C9AC19342A0850F200391A61 /* NetworkServicesTest.swift */; };
		C9AC19372A086C1300391A61 /* MokeNetworkServices.swift in Sources */ = {isa = PBXBuildFile; fileRef = C9AC19362A086C1300391A61 /* MokeNetworkServices.swift */; };
		C9AC193F2A087FB500391A61 /* MokeNetworkServicesTests.swift in Sources */ = {isa = PBXBuildFile; fileRef = C9AC193E2A087FB500391A61 /* MokeNetworkServicesTests.swift */; };
		C9AE34872A01BE0300773E6C /* NetworkServices.swift in Sources */ = {isa = PBXBuildFile; fileRef = C9AE34862A01BE0300773E6C /* NetworkServices.swift */; };
		C9BA75BB2A001CC800E33557 /* AppDelegate.swift in Sources */ = {isa = PBXBuildFile; fileRef = C9BA75BA2A001CC800E33557 /* AppDelegate.swift */; };
		C9BA75BD2A001CC800E33557 /* SceneDelegate.swift in Sources */ = {isa = PBXBuildFile; fileRef = C9BA75BC2A001CC800E33557 /* SceneDelegate.swift */; };
		C9BA75BF2A001CC800E33557 /* ViewController.swift in Sources */ = {isa = PBXBuildFile; fileRef = C9BA75BE2A001CC800E33557 /* ViewController.swift */; };
		C9BA75C22A001CC800E33557 /* Main.storyboard in Resources */ = {isa = PBXBuildFile; fileRef = C9BA75C02A001CC800E33557 /* Main.storyboard */; };
		C9BA75C52A001CC800E33557 /* Sportero.xcdatamodeld in Sources */ = {isa = PBXBuildFile; fileRef = C9BA75C32A001CC800E33557 /* Sportero.xcdatamodeld */; };
		C9BA75C72A001CCA00E33557 /* Assets.xcassets in Resources */ = {isa = PBXBuildFile; fileRef = C9BA75C62A001CCA00E33557 /* Assets.xcassets */; };
		C9BA75CA2A001CCA00E33557 /* LaunchScreen.storyboard in Resources */ = {isa = PBXBuildFile; fileRef = C9BA75C82A001CCA00E33557 /* LaunchScreen.storyboard */; };
		C9CC78C32A006E3A0083001E /* SportsCollectionViewCell.swift in Sources */ = {isa = PBXBuildFile; fileRef = C9CC78C22A006E3A0083001E /* SportsCollectionViewCell.swift */; };
		C9CC78CD2A0088DD0083001E /* FootballTableViewCell.swift in Sources */ = {isa = PBXBuildFile; fileRef = C9CC78CC2A0088DD0083001E /* FootballTableViewCell.swift */; };
		C9E12CEA2A0A793200911B60 /* PageModel.swift in Sources */ = {isa = PBXBuildFile; fileRef = C9E12CE92A0A793200911B60 /* PageModel.swift */; };
		C9E540A52A040C940062003A /* LatestResultCollectionViewCell.swift in Sources */ = {isa = PBXBuildFile; fileRef = C9E540A42A040C940062003A /* LatestResultCollectionViewCell.swift */; };
		C9E540A92A0443370062003A /* TeamsCollectionViewCell.swift in Sources */ = {isa = PBXBuildFile; fileRef = C9E540A82A0443370062003A /* TeamsCollectionViewCell.swift */; };
		C9E540AB2A0457A90062003A /* Teams.swift in Sources */ = {isa = PBXBuildFile; fileRef = C9E540AA2A0457A90062003A /* Teams.swift */; };
		C9F2820A2A0806F0003C84A0 /* LeaguesViewModal.swift in Sources */ = {isa = PBXBuildFile; fileRef = C9F282092A0806F0003C84A0 /* LeaguesViewModal.swift */; };
		C9F2820C2A081F10003C84A0 /* LeagueDetailsViewModel.swift in Sources */ = {isa = PBXBuildFile; fileRef = C9F2820B2A081F10003C84A0 /* LeagueDetailsViewModel.swift */; };
		C9F7A3A82A052FD100C5D0E1 /* TeamDetailsViewController.swift in Sources */ = {isa = PBXBuildFile; fileRef = C9F7A3A72A052FD100C5D0E1 /* TeamDetailsViewController.swift */; };
		C9F7A3AA2A053DA300C5D0E1 /* PlayerTableViewCell.swift in Sources */ = {isa = PBXBuildFile; fileRef = C9F7A3A92A053DA300C5D0E1 /* PlayerTableViewCell.swift */; };
/* End PBXBuildFile section */

/* Begin PBXContainerItemProxy section */
		C9AC192D2A084F9900391A61 /* PBXContainerItemProxy */ = {
			isa = PBXContainerItemProxy;
			containerPortal = C9BA75AF2A001CC800E33557 /* Project object */;
			proxyType = 1;
			remoteGlobalIDString = C9BA75B62A001CC800E33557;
			remoteInfo = Sportero;
		};
/* End PBXContainerItemProxy section */

/* Begin PBXFileReference section */
		01883A773EC0A960AA33999C /* Pods_Sportero.framework */ = {isa = PBXFileReference; explicitFileType = wrapper.framework; includeInIndex = 0; path = Pods_Sportero.framework; sourceTree = BUILT_PRODUCTS_DIR; };
		41A3615922B30525FF0D02E9 /* Pods-Sportero.debug.xcconfig */ = {isa = PBXFileReference; includeInIndex = 1; lastKnownFileType = text.xcconfig; name = "Pods-Sportero.debug.xcconfig"; path = "Target Support Files/Pods-Sportero/Pods-Sportero.debug.xcconfig"; sourceTree = "<group>"; };
		AD98B0FEE1CFCCBB71AA6A5F /* Pods-Sportero.release.xcconfig */ = {isa = PBXFileReference; includeInIndex = 1; lastKnownFileType = text.xcconfig; name = "Pods-Sportero.release.xcconfig"; path = "Target Support Files/Pods-Sportero/Pods-Sportero.release.xcconfig"; sourceTree = "<group>"; };
		C902B6F22A06B53F0058DEAC /* TennisPlayerDetailsViewController.swift */ = {isa = PBXFileReference; lastKnownFileType = sourcecode.swift; path = TennisPlayerDetailsViewController.swift; sourceTree = "<group>"; };
		C902B6F52A06EB220058DEAC /* DataBaseService.swift */ = {isa = PBXFileReference; lastKnownFileType = sourcecode.swift; path = DataBaseService.swift; sourceTree = "<group>"; };
		C907304D2A0097B900A49FAD /* FavouriteTableViewCell.swift */ = {isa = PBXFileReference; lastKnownFileType = sourcecode.swift; path = FavouriteTableViewCell.swift; sourceTree = "<group>"; };
		C91C67172A003B130083F438 /* splash_screen.json */ = {isa = PBXFileReference; fileEncoding = 4; lastKnownFileType = text.json; path = splash_screen.json; sourceTree = "<group>"; };
		C91C67192A003D270083F438 /* SportsViewController.swift */ = {isa = PBXFileReference; lastKnownFileType = sourcecode.swift; path = SportsViewController.swift; sourceTree = "<group>"; };
		C91C671B2A00468F0083F438 /* FavouriteViewController.swift */ = {isa = PBXFileReference; lastKnownFileType = sourcecode.swift; path = FavouriteViewController.swift; sourceTree = "<group>"; };
		C92D02F02A07D8340089FF37 /* Fixtures.swift */ = {isa = PBXFileReference; lastKnownFileType = sourcecode.swift; path = Fixtures.swift; sourceTree = "<group>"; };
		C92D02F22A07D8830089FF37 /* LiveScore.swift */ = {isa = PBXFileReference; lastKnownFileType = sourcecode.swift; path = LiveScore.swift; sourceTree = "<group>"; };
		C934D2BA2A03F4AA007121DB /* UpComingEventsCollectionViewCell.swift */ = {isa = PBXFileReference; lastKnownFileType = sourcecode.swift; path = UpComingEventsCollectionViewCell.swift; sourceTree = "<group>"; };
		C934D2BC2A03F4FC007121DB /* LeagueDetailsViewController.swift */ = {isa = PBXFileReference; lastKnownFileType = sourcecode.swift; path = LeagueDetailsViewController.swift; sourceTree = "<group>"; };
		C94B28FB2A0A923E00723731 /* OnBoardingViewController.swift */ = {isa = PBXFileReference; lastKnownFileType = sourcecode.swift; path = OnBoardingViewController.swift; sourceTree = "<group>"; };
		C94B28FD2A0ACA1500723731 /* OnBoardingCollectionViewCell.swift */ = {isa = PBXFileReference; lastKnownFileType = sourcecode.swift; path = OnBoardingCollectionViewCell.swift; sourceTree = "<group>"; };
		C94B28FF2A0AD5EB00723731 /* UserDefaults+Extension.swift */ = {isa = PBXFileReference; lastKnownFileType = sourcecode.swift; path = "UserDefaults+Extension.swift"; sourceTree = "<group>"; };
		C96DC7AB2A02F46A00DB9306 /* Leagues.swift */ = {isa = PBXFileReference; lastKnownFileType = sourcecode.swift; path = Leagues.swift; sourceTree = "<group>"; };
		C96DC7AD2A02FE4C00DB9306 /* LeagueViewController.swift */ = {isa = PBXFileReference; lastKnownFileType = sourcecode.swift; path = LeagueViewController.swift; sourceTree = "<group>"; };
		C99B9DE82A0BCD73008DC0E5 /* NetworkManager.swift */ = {isa = PBXFileReference; lastKnownFileType = sourcecode.swift; path = NetworkManager.swift; sourceTree = "<group>"; };
		C9AC191F2A08317900391A61 /* TennisPlayerDetailsViewModel.swift */ = {isa = PBXFileReference; lastKnownFileType = sourcecode.swift; path = TennisPlayerDetailsViewModel.swift; sourceTree = "<group>"; };
		C9AC19212A083F5D00391A61 /* FavouriteViewModel.swift */ = {isa = PBXFileReference; lastKnownFileType = sourcecode.swift; path = FavouriteViewModel.swift; sourceTree = "<group>"; };
		C9AC19232A08481C00391A61 /* TeamDetailsViewModel.swift */ = {isa = PBXFileReference; lastKnownFileType = sourcecode.swift; path = TeamDetailsViewModel.swift; sourceTree = "<group>"; };
		C9AC19292A084F9900391A61 /* SporteroTests.xctest */ = {isa = PBXFileReference; explicitFileType = wrapper.cfbundle; includeInIndex = 0; path = SporteroTests.xctest; sourceTree = BUILT_PRODUCTS_DIR; };
		C9AC192B2A084F9900391A61 /* SporteroTests.swift */ = {isa = PBXFileReference; lastKnownFileType = sourcecode.swift; path = SporteroTests.swift; sourceTree = "<group>"; };
		C9AC19342A0850F200391A61 /* NetworkServicesTest.swift */ = {isa = PBXFileReference; lastKnownFileType = sourcecode.swift; path = NetworkServicesTest.swift; sourceTree = "<group>"; };
		C9AC19362A086C1300391A61 /* MokeNetworkServices.swift */ = {isa = PBXFileReference; lastKnownFileType = sourcecode.swift; path = MokeNetworkServices.swift; sourceTree = "<group>"; };
		C9AC193E2A087FB500391A61 /* MokeNetworkServicesTests.swift */ = {isa = PBXFileReference; lastKnownFileType = sourcecode.swift; path = MokeNetworkServicesTests.swift; sourceTree = "<group>"; };
		C9AE34862A01BE0300773E6C /* NetworkServices.swift */ = {isa = PBXFileReference; lastKnownFileType = sourcecode.swift; path = NetworkServices.swift; sourceTree = "<group>"; };
		C9BA75B72A001CC800E33557 /* Sportero.app */ = {isa = PBXFileReference; explicitFileType = wrapper.application; includeInIndex = 0; path = Sportero.app; sourceTree = BUILT_PRODUCTS_DIR; };
		C9BA75BA2A001CC800E33557 /* AppDelegate.swift */ = {isa = PBXFileReference; lastKnownFileType = sourcecode.swift; path = AppDelegate.swift; sourceTree = "<group>"; };
		C9BA75BC2A001CC800E33557 /* SceneDelegate.swift */ = {isa = PBXFileReference; lastKnownFileType = sourcecode.swift; path = SceneDelegate.swift; sourceTree = "<group>"; };
		C9BA75BE2A001CC800E33557 /* ViewController.swift */ = {isa = PBXFileReference; lastKnownFileType = sourcecode.swift; path = ViewController.swift; sourceTree = "<group>"; };
		C9BA75C12A001CC800E33557 /* Base */ = {isa = PBXFileReference; lastKnownFileType = file.storyboard; name = Base; path = Base.lproj/Main.storyboard; sourceTree = "<group>"; };
		C9BA75C42A001CC800E33557 /* Sportero.xcdatamodel */ = {isa = PBXFileReference; lastKnownFileType = wrapper.xcdatamodel; path = Sportero.xcdatamodel; sourceTree = "<group>"; };
		C9BA75C62A001CCA00E33557 /* Assets.xcassets */ = {isa = PBXFileReference; lastKnownFileType = folder.assetcatalog; path = Assets.xcassets; sourceTree = "<group>"; };
		C9BA75C92A001CCA00E33557 /* Base */ = {isa = PBXFileReference; lastKnownFileType = file.storyboard; name = Base; path = Base.lproj/LaunchScreen.storyboard; sourceTree = "<group>"; };
		C9BA75CB2A001CCA00E33557 /* Info.plist */ = {isa = PBXFileReference; lastKnownFileType = text.plist.xml; path = Info.plist; sourceTree = "<group>"; };
		C9CC78C22A006E3A0083001E /* SportsCollectionViewCell.swift */ = {isa = PBXFileReference; lastKnownFileType = sourcecode.swift; path = SportsCollectionViewCell.swift; sourceTree = "<group>"; };
		C9CC78CC2A0088DD0083001E /* FootballTableViewCell.swift */ = {isa = PBXFileReference; lastKnownFileType = sourcecode.swift; path = FootballTableViewCell.swift; sourceTree = "<group>"; };
		C9E12CE92A0A793200911B60 /* PageModel.swift */ = {isa = PBXFileReference; lastKnownFileType = sourcecode.swift; path = PageModel.swift; sourceTree = "<group>"; };
		C9E540A42A040C940062003A /* LatestResultCollectionViewCell.swift */ = {isa = PBXFileReference; lastKnownFileType = sourcecode.swift; path = LatestResultCollectionViewCell.swift; sourceTree = "<group>"; };
		C9E540A82A0443370062003A /* TeamsCollectionViewCell.swift */ = {isa = PBXFileReference; lastKnownFileType = sourcecode.swift; path = TeamsCollectionViewCell.swift; sourceTree = "<group>"; };
		C9E540AA2A0457A90062003A /* Teams.swift */ = {isa = PBXFileReference; lastKnownFileType = sourcecode.swift; path = Teams.swift; sourceTree = "<group>"; };
		C9F282092A0806F0003C84A0 /* LeaguesViewModal.swift */ = {isa = PBXFileReference; lastKnownFileType = sourcecode.swift; path = LeaguesViewModal.swift; sourceTree = "<group>"; };
		C9F2820B2A081F10003C84A0 /* LeagueDetailsViewModel.swift */ = {isa = PBXFileReference; lastKnownFileType = sourcecode.swift; path = LeagueDetailsViewModel.swift; sourceTree = "<group>"; };
		C9F7A3A72A052FD100C5D0E1 /* TeamDetailsViewController.swift */ = {isa = PBXFileReference; lastKnownFileType = sourcecode.swift; path = TeamDetailsViewController.swift; sourceTree = "<group>"; };
		C9F7A3A92A053DA300C5D0E1 /* PlayerTableViewCell.swift */ = {isa = PBXFileReference; lastKnownFileType = sourcecode.swift; path = PlayerTableViewCell.swift; sourceTree = "<group>"; };
/* End PBXFileReference section */

/* Begin PBXFrameworksBuildPhase section */
		C9AC19262A084F9900391A61 /* Frameworks */ = {
			isa = PBXFrameworksBuildPhase;
			buildActionMask = 2147483647;
			files = (
			);
			runOnlyForDeploymentPostprocessing = 0;
		};
		C9BA75B42A001CC800E33557 /* Frameworks */ = {
			isa = PBXFrameworksBuildPhase;
			buildActionMask = 2147483647;
			files = (
				84A42B8032DF2EAB2E19AB07 /* Pods_Sportero.framework in Frameworks */,
			);
			runOnlyForDeploymentPostprocessing = 0;
		};
/* End PBXFrameworksBuildPhase section */

/* Begin PBXGroup section */
		21D73C94F8C1E40C93C43FEB /* Pods */ = {
			isa = PBXGroup;
			children = (
				41A3615922B30525FF0D02E9 /* Pods-Sportero.debug.xcconfig */,
				AD98B0FEE1CFCCBB71AA6A5F /* Pods-Sportero.release.xcconfig */,
			);
			path = Pods;
			sourceTree = "<group>";
		};
		BAC1CC96D6B10A90360B0FA5 /* Frameworks */ = {
			isa = PBXGroup;
			children = (
				01883A773EC0A960AA33999C /* Pods_Sportero.framework */,
			);
			name = Frameworks;
			sourceTree = "<group>";
		};
		C902B6F42A06EAFD0058DEAC /* DataBase */ = {
			isa = PBXGroup;
			children = (
				C902B6F52A06EB220058DEAC /* DataBaseService.swift */,
			);
			path = DataBase;
			sourceTree = "<group>";
		};
		C92D02F42A0805910089FF37 /* ViewModel */ = {
			isa = PBXGroup;
			children = (
				C9F282092A0806F0003C84A0 /* LeaguesViewModal.swift */,
				C9F2820B2A081F10003C84A0 /* LeagueDetailsViewModel.swift */,
				C9AC191F2A08317900391A61 /* TennisPlayerDetailsViewModel.swift */,
				C9AC19212A083F5D00391A61 /* FavouriteViewModel.swift */,
				C9AC19232A08481C00391A61 /* TeamDetailsViewModel.swift */,
			);
			path = ViewModel;
			sourceTree = "<group>";
		};
		C99B9DE32A0BC665008DC0E5 /* Views */ = {
			isa = PBXGroup;
			children = (
				C9BA75C02A001CC800E33557 /* Main.storyboard */,
				C9BA75C82A001CCA00E33557 /* LaunchScreen.storyboard */,
				C9CC78C22A006E3A0083001E /* SportsCollectionViewCell.swift */,
				C9CC78CC2A0088DD0083001E /* FootballTableViewCell.swift */,
				C907304D2A0097B900A49FAD /* FavouriteTableViewCell.swift */,
				C934D2BA2A03F4AA007121DB /* UpComingEventsCollectionViewCell.swift */,
				C9E540A42A040C940062003A /* LatestResultCollectionViewCell.swift */,
				C9E540A82A0443370062003A /* TeamsCollectionViewCell.swift */,
				C9F7A3A92A053DA300C5D0E1 /* PlayerTableViewCell.swift */,
				C94B28FD2A0ACA1500723731 /* OnBoardingCollectionViewCell.swift */,
			);
			path = Views;
			sourceTree = "<group>";
		};
		C99B9DE72A0BCD5C008DC0E5 /* Utils */ = {
			isa = PBXGroup;
			children = (
				C94B28FF2A0AD5EB00723731 /* UserDefaults+Extension.swift */,
				C99B9DE82A0BCD73008DC0E5 /* NetworkManager.swift */,
			);
			path = Utils;
			sourceTree = "<group>";
		};
		C9AC192A2A084F9900391A61 /* SporteroTests */ = {
			isa = PBXGroup;
			children = (
				C9AC192B2A084F9900391A61 /* SporteroTests.swift */,
				C9AC19342A0850F200391A61 /* NetworkServicesTest.swift */,
				C9AC19362A086C1300391A61 /* MokeNetworkServices.swift */,
				C9AC193E2A087FB500391A61 /* MokeNetworkServicesTests.swift */,
			);
			path = SporteroTests;
			sourceTree = "<group>";
		};
		C9BA75AE2A001CC800E33557 = {
			isa = PBXGroup;
			children = (
				C9BA75B92A001CC800E33557 /* Sportero */,
				C9AC192A2A084F9900391A61 /* SporteroTests */,
				C9BA75B82A001CC800E33557 /* Products */,
				21D73C94F8C1E40C93C43FEB /* Pods */,
				BAC1CC96D6B10A90360B0FA5 /* Frameworks */,
			);
			sourceTree = "<group>";
		};
		C9BA75B82A001CC800E33557 /* Products */ = {
			isa = PBXGroup;
			children = (
				C9BA75B72A001CC800E33557 /* Sportero.app */,
				C9AC19292A084F9900391A61 /* SporteroTests.xctest */,
			);
			name = Products;
			sourceTree = "<group>";
		};
		C9BA75B92A001CC800E33557 /* Sportero */ = {
			isa = PBXGroup;
			children = (
				C92D02F42A0805910089FF37 /* ViewModel */,
				C9F7A3AE2A05BC9E00C5D0E1 /* Model */,
				C9F7A3AC2A05BC5C00C5D0E1 /* View */,
				C91C67172A003B130083F438 /* splash_screen.json */,
				C9BA75BA2A001CC800E33557 /* AppDelegate.swift */,
				C9BA75BC2A001CC800E33557 /* SceneDelegate.swift */,
				C9BA75C62A001CCA00E33557 /* Assets.xcassets */,
				C9BA75CB2A001CCA00E33557 /* Info.plist */,
				C9BA75C32A001CC800E33557 /* Sportero.xcdatamodeld */,
			);
			path = Sportero;
			sourceTree = "<group>";
		};
		C9F7A3AC2A05BC5C00C5D0E1 /* View */ = {
			isa = PBXGroup;
			children = (
				C99B9DE32A0BC665008DC0E5 /* Views */,
				C9F7A3AD2A05BC8100C5D0E1 /* Controller */,
			);
			path = View;
			sourceTree = "<group>";
		};
		C9F7A3AD2A05BC8100C5D0E1 /* Controller */ = {
			isa = PBXGroup;
			children = (
				C9BA75BE2A001CC800E33557 /* ViewController.swift */,
				C91C67192A003D270083F438 /* SportsViewController.swift */,
				C91C671B2A00468F0083F438 /* FavouriteViewController.swift */,
				C96DC7AD2A02FE4C00DB9306 /* LeagueViewController.swift */,
				C934D2BC2A03F4FC007121DB /* LeagueDetailsViewController.swift */,
				C9F7A3A72A052FD100C5D0E1 /* TeamDetailsViewController.swift */,
				C902B6F22A06B53F0058DEAC /* TennisPlayerDetailsViewController.swift */,
				C94B28FB2A0A923E00723731 /* OnBoardingViewController.swift */,
			);
			path = Controller;
			sourceTree = "<group>";
		};
		C9F7A3AE2A05BC9E00C5D0E1 /* Model */ = {
			isa = PBXGroup;
			children = (
				C99B9DE72A0BCD5C008DC0E5 /* Utils */,
				C902B6F42A06EAFD0058DEAC /* DataBase */,
				C9F7A3B02A05BCC000C5D0E1 /* Services */,
				C9F7A3AF2A05BCAF00C5D0E1 /* Pojos */,
			);
			path = Model;
			sourceTree = "<group>";
		};
		C9F7A3AF2A05BCAF00C5D0E1 /* Pojos */ = {
			isa = PBXGroup;
			children = (
				C9E12CE92A0A793200911B60 /* PageModel.swift */,
				C96DC7AB2A02F46A00DB9306 /* Leagues.swift */,
				C9E540AA2A0457A90062003A /* Teams.swift */,
				C92D02F02A07D8340089FF37 /* Fixtures.swift */,
				C92D02F22A07D8830089FF37 /* LiveScore.swift */,
			);
			path = Pojos;
			sourceTree = "<group>";
		};
		C9F7A3B02A05BCC000C5D0E1 /* Services */ = {
			isa = PBXGroup;
			children = (
				C9AE34862A01BE0300773E6C /* NetworkServices.swift */,
			);
			path = Services;
			sourceTree = "<group>";
		};
/* End PBXGroup section */

/* Begin PBXNativeTarget section */
		C9AC19282A084F9900391A61 /* SporteroTests */ = {
			isa = PBXNativeTarget;
			buildConfigurationList = C9AC192F2A084F9900391A61 /* Build configuration list for PBXNativeTarget "SporteroTests" */;
			buildPhases = (
				C9AC19252A084F9900391A61 /* Sources */,
				C9AC19262A084F9900391A61 /* Frameworks */,
				C9AC19272A084F9900391A61 /* Resources */,
			);
			buildRules = (
			);
			dependencies = (
				C9AC192E2A084F9900391A61 /* PBXTargetDependency */,
			);
			name = SporteroTests;
			productName = SporteroTests;
			productReference = C9AC19292A084F9900391A61 /* SporteroTests.xctest */;
			productType = "com.apple.product-type.bundle.unit-test";
		};
		C9BA75B62A001CC800E33557 /* Sportero */ = {
			isa = PBXNativeTarget;
			buildConfigurationList = C9BA75CE2A001CCA00E33557 /* Build configuration list for PBXNativeTarget "Sportero" */;
			buildPhases = (
				59F079553A08B70DB5207652 /* [CP] Check Pods Manifest.lock */,
				C9BA75B32A001CC800E33557 /* Sources */,
				C9BA75B42A001CC800E33557 /* Frameworks */,
				C9BA75B52A001CC800E33557 /* Resources */,
				B37E496E3B6FFA39860F39A0 /* [CP] Embed Pods Frameworks */,
			);
			buildRules = (
			);
			dependencies = (
			);
			name = Sportero;
			productName = Sportero;
			productReference = C9BA75B72A001CC800E33557 /* Sportero.app */;
			productType = "com.apple.product-type.application";
		};
/* End PBXNativeTarget section */

/* Begin PBXProject section */
		C9BA75AF2A001CC800E33557 /* Project object */ = {
			isa = PBXProject;
			attributes = {
				BuildIndependentTargetsInParallel = 1;
				LastSwiftUpdateCheck = 1420;
				LastUpgradeCheck = 1420;
				TargetAttributes = {
					C9AC19282A084F9900391A61 = {
						CreatedOnToolsVersion = 14.2;
						TestTargetID = C9BA75B62A001CC800E33557;
					};
					C9BA75B62A001CC800E33557 = {
						CreatedOnToolsVersion = 14.2;
					};
				};
			};
			buildConfigurationList = C9BA75B22A001CC800E33557 /* Build configuration list for PBXProject "Sportero" */;
			compatibilityVersion = "Xcode 14.0";
			developmentRegion = en;
			hasScannedForEncodings = 0;
			knownRegions = (
				en,
				Base,
			);
			mainGroup = C9BA75AE2A001CC800E33557;
			productRefGroup = C9BA75B82A001CC800E33557 /* Products */;
			projectDirPath = "";
			projectRoot = "";
			targets = (
				C9BA75B62A001CC800E33557 /* Sportero */,
				C9AC19282A084F9900391A61 /* SporteroTests */,
			);
		};
/* End PBXProject section */

/* Begin PBXResourcesBuildPhase section */
		C9AC19272A084F9900391A61 /* Resources */ = {
			isa = PBXResourcesBuildPhase;
			buildActionMask = 2147483647;
			files = (
			);
			runOnlyForDeploymentPostprocessing = 0;
		};
		C9BA75B52A001CC800E33557 /* Resources */ = {
			isa = PBXResourcesBuildPhase;
			buildActionMask = 2147483647;
			files = (
				C91C67182A003B130083F438 /* splash_screen.json in Resources */,
				C9BA75CA2A001CCA00E33557 /* LaunchScreen.storyboard in Resources */,
				C9BA75C72A001CCA00E33557 /* Assets.xcassets in Resources */,
				C9BA75C22A001CC800E33557 /* Main.storyboard in Resources */,
			);
			runOnlyForDeploymentPostprocessing = 0;
		};
/* End PBXResourcesBuildPhase section */

/* Begin PBXShellScriptBuildPhase section */
		59F079553A08B70DB5207652 /* [CP] Check Pods Manifest.lock */ = {
			isa = PBXShellScriptBuildPhase;
			buildActionMask = 2147483647;
			files = (
			);
			inputFileListPaths = (
			);
			inputPaths = (
				"${PODS_PODFILE_DIR_PATH}/Podfile.lock",
				"${PODS_ROOT}/Manifest.lock",
			);
			name = "[CP] Check Pods Manifest.lock";
			outputFileListPaths = (
			);
			outputPaths = (
				"$(DERIVED_FILE_DIR)/Pods-Sportero-checkManifestLockResult.txt",
			);
			runOnlyForDeploymentPostprocessing = 0;
			shellPath = /bin/sh;
			shellScript = "diff \"${PODS_PODFILE_DIR_PATH}/Podfile.lock\" \"${PODS_ROOT}/Manifest.lock\" > /dev/null\nif [ $? != 0 ] ; then\n    # print error to STDERR\n    echo \"error: The sandbox is not in sync with the Podfile.lock. Run 'pod install' or update your CocoaPods installation.\" >&2\n    exit 1\nfi\n# This output is used by Xcode 'outputs' to avoid re-running this script phase.\necho \"SUCCESS\" > \"${SCRIPT_OUTPUT_FILE_0}\"\n";
			showEnvVarsInLog = 0;
		};
		B37E496E3B6FFA39860F39A0 /* [CP] Embed Pods Frameworks */ = {
			isa = PBXShellScriptBuildPhase;
			buildActionMask = 2147483647;
			files = (
			);
			inputFileListPaths = (
				"${PODS_ROOT}/Target Support Files/Pods-Sportero/Pods-Sportero-frameworks-${CONFIGURATION}-input-files.xcfilelist",
			);
			name = "[CP] Embed Pods Frameworks";
			outputFileListPaths = (
				"${PODS_ROOT}/Target Support Files/Pods-Sportero/Pods-Sportero-frameworks-${CONFIGURATION}-output-files.xcfilelist",
			);
			runOnlyForDeploymentPostprocessing = 0;
			shellPath = /bin/sh;
			shellScript = "\"${PODS_ROOT}/Target Support Files/Pods-Sportero/Pods-Sportero-frameworks.sh\"\n";
			showEnvVarsInLog = 0;
		};
/* End PBXShellScriptBuildPhase section */

/* Begin PBXSourcesBuildPhase section */
		C9AC19252A084F9900391A61 /* Sources */ = {
			isa = PBXSourcesBuildPhase;
			buildActionMask = 2147483647;
			files = (
				C9AC19352A0850F200391A61 /* NetworkServicesTest.swift in Sources */,
				C9AC192C2A084F9900391A61 /* SporteroTests.swift in Sources */,
				C9AC193F2A087FB500391A61 /* MokeNetworkServicesTests.swift in Sources */,
				C9AC19372A086C1300391A61 /* MokeNetworkServices.swift in Sources */,
			);
			runOnlyForDeploymentPostprocessing = 0;
		};
		C9BA75B32A001CC800E33557 /* Sources */ = {
			isa = PBXSourcesBuildPhase;
			buildActionMask = 2147483647;
			files = (
				C9F7A3AA2A053DA300C5D0E1 /* PlayerTableViewCell.swift in Sources */,
				C99B9DE92A0BCD73008DC0E5 /* NetworkManager.swift in Sources */,
				C902B6F62A06EB220058DEAC /* DataBaseService.swift in Sources */,
				C92D02F12A07D8340089FF37 /* Fixtures.swift in Sources */,
				C907304E2A0097B900A49FAD /* FavouriteTableViewCell.swift in Sources */,
				C96DC7AC2A02F46A00DB9306 /* Leagues.swift in Sources */,
				C92D02F32A07D8830089FF37 /* LiveScore.swift in Sources */,
				C96DC7AE2A02FE4C00DB9306 /* LeagueViewController.swift in Sources */,
				C9F2820A2A0806F0003C84A0 /* LeaguesViewModal.swift in Sources */,
				C9BA75BF2A001CC800E33557 /* ViewController.swift in Sources */,
				C94B28FC2A0A923E00723731 /* OnBoardingViewController.swift in Sources */,
				C9BA75BB2A001CC800E33557 /* AppDelegate.swift in Sources */,
				C9AC19242A08481C00391A61 /* TeamDetailsViewModel.swift in Sources */,
				C902B6F32A06B53F0058DEAC /* TennisPlayerDetailsViewController.swift in Sources */,
				C934D2BB2A03F4AA007121DB /* UpComingEventsCollectionViewCell.swift in Sources */,
				C9CC78CD2A0088DD0083001E /* FootballTableViewCell.swift in Sources */,
				C91C671A2A003D270083F438 /* SportsViewController.swift in Sources */,
				C9E12CEA2A0A793200911B60 /* PageModel.swift in Sources */,
				C9E540A92A0443370062003A /* TeamsCollectionViewCell.swift in Sources */,
				C9F2820C2A081F10003C84A0 /* LeagueDetailsViewModel.swift in Sources */,
				C9E540A52A040C940062003A /* LatestResultCollectionViewCell.swift in Sources */,
				C9BA75BD2A001CC800E33557 /* SceneDelegate.swift in Sources */,
				C934D2BD2A03F4FC007121DB /* LeagueDetailsViewController.swift in Sources */,
				C94B29002A0AD5EB00723731 /* UserDefaults+Extension.swift in Sources */,
				C9AC19202A08317900391A61 /* TennisPlayerDetailsViewModel.swift in Sources */,
				C9CC78C32A006E3A0083001E /* SportsCollectionViewCell.swift in Sources */,
				C94B28FE2A0ACA1500723731 /* OnBoardingCollectionViewCell.swift in Sources */,
				C91C671C2A00468F0083F438 /* FavouriteViewController.swift in Sources */,
				C9AE34872A01BE0300773E6C /* NetworkServices.swift in Sources */,
				C9AC19222A083F5D00391A61 /* FavouriteViewModel.swift in Sources */,
				C9BA75C52A001CC800E33557 /* Sportero.xcdatamodeld in Sources */,
				C9F7A3A82A052FD100C5D0E1 /* TeamDetailsViewController.swift in Sources */,
				C9E540AB2A0457A90062003A /* Teams.swift in Sources */,
			);
			runOnlyForDeploymentPostprocessing = 0;
		};
/* End PBXSourcesBuildPhase section */

/* Begin PBXTargetDependency section */
		C9AC192E2A084F9900391A61 /* PBXTargetDependency */ = {
			isa = PBXTargetDependency;
			target = C9BA75B62A001CC800E33557 /* Sportero */;
			targetProxy = C9AC192D2A084F9900391A61 /* PBXContainerItemProxy */;
		};
/* End PBXTargetDependency section */

/* Begin PBXVariantGroup section */
		C9BA75C02A001CC800E33557 /* Main.storyboard */ = {
			isa = PBXVariantGroup;
			children = (
				C9BA75C12A001CC800E33557 /* Base */,
			);
			name = Main.storyboard;
			sourceTree = "<group>";
		};
		C9BA75C82A001CCA00E33557 /* LaunchScreen.storyboard */ = {
			isa = PBXVariantGroup;
			children = (
				C9BA75C92A001CCA00E33557 /* Base */,
			);
			name = LaunchScreen.storyboard;
			sourceTree = "<group>";
		};
/* End PBXVariantGroup section */

/* Begin XCBuildConfiguration section */
		C9AC19302A084F9900391A61 /* Debug */ = {
			isa = XCBuildConfiguration;
			buildSettings = {
				BUNDLE_LOADER = "$(TEST_HOST)";
				CODE_SIGN_STYLE = Automatic;
				CURRENT_PROJECT_VERSION = 1;
				GENERATE_INFOPLIST_FILE = YES;
				MARKETING_VERSION = 1.0;
				PRODUCT_BUNDLE_IDENTIFIER = Swift.SporteroTests;
				PRODUCT_NAME = "$(TARGET_NAME)";
				SWIFT_EMIT_LOC_STRINGS = NO;
				SWIFT_VERSION = 5.0;
				TARGETED_DEVICE_FAMILY = "1,2";
				TEST_HOST = "$(BUILT_PRODUCTS_DIR)/Sportero.app/$(BUNDLE_EXECUTABLE_FOLDER_PATH)/Sportero";
			};
			name = Debug;
		};
		C9AC19312A084F9900391A61 /* Release */ = {
			isa = XCBuildConfiguration;
			buildSettings = {
				BUNDLE_LOADER = "$(TEST_HOST)";
				CODE_SIGN_STYLE = Automatic;
				CURRENT_PROJECT_VERSION = 1;
				GENERATE_INFOPLIST_FILE = YES;
				MARKETING_VERSION = 1.0;
				PRODUCT_BUNDLE_IDENTIFIER = Swift.SporteroTests;
				PRODUCT_NAME = "$(TARGET_NAME)";
				SWIFT_EMIT_LOC_STRINGS = NO;
				SWIFT_VERSION = 5.0;
				TARGETED_DEVICE_FAMILY = "1,2";
				TEST_HOST = "$(BUILT_PRODUCTS_DIR)/Sportero.app/$(BUNDLE_EXECUTABLE_FOLDER_PATH)/Sportero";
			};
			name = Release;
		};
		C9BA75CC2A001CCA00E33557 /* Debug */ = {
			isa = XCBuildConfiguration;
			buildSettings = {
				ALWAYS_SEARCH_USER_PATHS = NO;
				CLANG_ANALYZER_NONNULL = YES;
				CLANG_ANALYZER_NUMBER_OBJECT_CONVERSION = YES_AGGRESSIVE;
				CLANG_CXX_LANGUAGE_STANDARD = "gnu++20";
				CLANG_ENABLE_MODULES = YES;
				CLANG_ENABLE_OBJC_ARC = YES;
				CLANG_ENABLE_OBJC_WEAK = YES;
				CLANG_WARN_BLOCK_CAPTURE_AUTORELEASING = YES;
				CLANG_WARN_BOOL_CONVERSION = YES;
				CLANG_WARN_COMMA = YES;
				CLANG_WARN_CONSTANT_CONVERSION = YES;
				CLANG_WARN_DEPRECATED_OBJC_IMPLEMENTATIONS = YES;
				CLANG_WARN_DIRECT_OBJC_ISA_USAGE = YES_ERROR;
				CLANG_WARN_DOCUMENTATION_COMMENTS = YES;
				CLANG_WARN_EMPTY_BODY = YES;
				CLANG_WARN_ENUM_CONVERSION = YES;
				CLANG_WARN_INFINITE_RECURSION = YES;
				CLANG_WARN_INT_CONVERSION = YES;
				CLANG_WARN_NON_LITERAL_NULL_CONVERSION = YES;
				CLANG_WARN_OBJC_IMPLICIT_RETAIN_SELF = YES;
				CLANG_WARN_OBJC_LITERAL_CONVERSION = YES;
				CLANG_WARN_OBJC_ROOT_CLASS = YES_ERROR;
				CLANG_WARN_QUOTED_INCLUDE_IN_FRAMEWORK_HEADER = YES;
				CLANG_WARN_RANGE_LOOP_ANALYSIS = YES;
				CLANG_WARN_STRICT_PROTOTYPES = YES;
				CLANG_WARN_SUSPICIOUS_MOVE = YES;
				CLANG_WARN_UNGUARDED_AVAILABILITY = YES_AGGRESSIVE;
				CLANG_WARN_UNREACHABLE_CODE = YES;
				CLANG_WARN__DUPLICATE_METHOD_MATCH = YES;
				COPY_PHASE_STRIP = NO;
				DEBUG_INFORMATION_FORMAT = dwarf;
				ENABLE_STRICT_OBJC_MSGSEND = YES;
				ENABLE_TESTABILITY = YES;
				GCC_C_LANGUAGE_STANDARD = gnu11;
				GCC_DYNAMIC_NO_PIC = NO;
				GCC_NO_COMMON_BLOCKS = YES;
				GCC_OPTIMIZATION_LEVEL = 0;
				GCC_PREPROCESSOR_DEFINITIONS = (
					"DEBUG=1",
					"$(inherited)",
				);
				GCC_WARN_64_TO_32_BIT_CONVERSION = YES;
				GCC_WARN_ABOUT_RETURN_TYPE = YES_ERROR;
				GCC_WARN_UNDECLARED_SELECTOR = YES;
				GCC_WARN_UNINITIALIZED_AUTOS = YES_AGGRESSIVE;
				GCC_WARN_UNUSED_FUNCTION = YES;
				GCC_WARN_UNUSED_VARIABLE = YES;
				IPHONEOS_DEPLOYMENT_TARGET = 16.2;
				MTL_ENABLE_DEBUG_INFO = INCLUDE_SOURCE;
				MTL_FAST_MATH = YES;
				ONLY_ACTIVE_ARCH = YES;
				SDKROOT = iphoneos;
				SWIFT_ACTIVE_COMPILATION_CONDITIONS = DEBUG;
				SWIFT_OPTIMIZATION_LEVEL = "-Onone";
			};
			name = Debug;
		};
		C9BA75CD2A001CCA00E33557 /* Release */ = {
			isa = XCBuildConfiguration;
			buildSettings = {
				ALWAYS_SEARCH_USER_PATHS = NO;
				CLANG_ANALYZER_NONNULL = YES;
				CLANG_ANALYZER_NUMBER_OBJECT_CONVERSION = YES_AGGRESSIVE;
				CLANG_CXX_LANGUAGE_STANDARD = "gnu++20";
				CLANG_ENABLE_MODULES = YES;
				CLANG_ENABLE_OBJC_ARC = YES;
				CLANG_ENABLE_OBJC_WEAK = YES;
				CLANG_WARN_BLOCK_CAPTURE_AUTORELEASING = YES;
				CLANG_WARN_BOOL_CONVERSION = YES;
				CLANG_WARN_COMMA = YES;
				CLANG_WARN_CONSTANT_CONVERSION = YES;
				CLANG_WARN_DEPRECATED_OBJC_IMPLEMENTATIONS = YES;
				CLANG_WARN_DIRECT_OBJC_ISA_USAGE = YES_ERROR;
				CLANG_WARN_DOCUMENTATION_COMMENTS = YES;
				CLANG_WARN_EMPTY_BODY = YES;
				CLANG_WARN_ENUM_CONVERSION = YES;
				CLANG_WARN_INFINITE_RECURSION = YES;
				CLANG_WARN_INT_CONVERSION = YES;
				CLANG_WARN_NON_LITERAL_NULL_CONVERSION = YES;
				CLANG_WARN_OBJC_IMPLICIT_RETAIN_SELF = YES;
				CLANG_WARN_OBJC_LITERAL_CONVERSION = YES;
				CLANG_WARN_OBJC_ROOT_CLASS = YES_ERROR;
				CLANG_WARN_QUOTED_INCLUDE_IN_FRAMEWORK_HEADER = YES;
				CLANG_WARN_RANGE_LOOP_ANALYSIS = YES;
				CLANG_WARN_STRICT_PROTOTYPES = YES;
				CLANG_WARN_SUSPICIOUS_MOVE = YES;
				CLANG_WARN_UNGUARDED_AVAILABILITY = YES_AGGRESSIVE;
				CLANG_WARN_UNREACHABLE_CODE = YES;
				CLANG_WARN__DUPLICATE_METHOD_MATCH = YES;
				COPY_PHASE_STRIP = NO;
				DEBUG_INFORMATION_FORMAT = "dwarf-with-dsym";
				ENABLE_NS_ASSERTIONS = NO;
				ENABLE_STRICT_OBJC_MSGSEND = YES;
				GCC_C_LANGUAGE_STANDARD = gnu11;
				GCC_NO_COMMON_BLOCKS = YES;
				GCC_WARN_64_TO_32_BIT_CONVERSION = YES;
				GCC_WARN_ABOUT_RETURN_TYPE = YES_ERROR;
				GCC_WARN_UNDECLARED_SELECTOR = YES;
				GCC_WARN_UNINITIALIZED_AUTOS = YES_AGGRESSIVE;
				GCC_WARN_UNUSED_FUNCTION = YES;
				GCC_WARN_UNUSED_VARIABLE = YES;
				IPHONEOS_DEPLOYMENT_TARGET = 16.2;
				MTL_ENABLE_DEBUG_INFO = NO;
				MTL_FAST_MATH = YES;
				SDKROOT = iphoneos;
				SWIFT_COMPILATION_MODE = wholemodule;
				SWIFT_OPTIMIZATION_LEVEL = "-O";
				VALIDATE_PRODUCT = YES;
			};
			name = Release;
		};
		C9BA75CF2A001CCA00E33557 /* Debug */ = {
			isa = XCBuildConfiguration;
			baseConfigurationReference = 41A3615922B30525FF0D02E9 /* Pods-Sportero.debug.xcconfig */;
			buildSettings = {
				ASSETCATALOG_COMPILER_APPICON_NAME = AppIcon;
				ASSETCATALOG_COMPILER_GLOBAL_ACCENT_COLOR_NAME = AccentColor;
				CODE_SIGN_STYLE = Automatic;
				CURRENT_PROJECT_VERSION = 1;
				GENERATE_INFOPLIST_FILE = YES;
				INFOPLIST_FILE = Sportero/Info.plist;
				INFOPLIST_KEY_UIApplicationSupportsIndirectInputEvents = YES;
				INFOPLIST_KEY_UILaunchStoryboardName = LaunchScreen;
				INFOPLIST_KEY_UIMainStoryboardFile = Main;
				INFOPLIST_KEY_UISupportedInterfaceOrientations_iPad = "UIInterfaceOrientationPortrait UIInterfaceOrientationPortraitUpsideDown UIInterfaceOrientationLandscapeLeft UIInterfaceOrientationLandscapeRight";
				INFOPLIST_KEY_UISupportedInterfaceOrientations_iPhone = "UIInterfaceOrientationPortrait UIInterfaceOrientationLandscapeLeft UIInterfaceOrientationLandscapeRight";
				LD_RUNPATH_SEARCH_PATHS = (
					"$(inherited)",
					"@executable_path/Frameworks",
				);
				MARKETING_VERSION = 1.0;
				PRODUCT_BUNDLE_IDENTIFIER = Swift.Sportero;
				PRODUCT_NAME = "$(TARGET_NAME)";
				SWIFT_EMIT_LOC_STRINGS = YES;
				SWIFT_VERSION = 5.0;
				TARGETED_DEVICE_FAMILY = "1,2";
			};
			name = Debug;
		};
		C9BA75D02A001CCA00E33557 /* Release */ = {
			isa = XCBuildConfiguration;
			baseConfigurationReference = AD98B0FEE1CFCCBB71AA6A5F /* Pods-Sportero.release.xcconfig */;
			buildSettings = {
				ASSETCATALOG_COMPILER_APPICON_NAME = AppIcon;
				ASSETCATALOG_COMPILER_GLOBAL_ACCENT_COLOR_NAME = AccentColor;
				CODE_SIGN_STYLE = Automatic;
				CURRENT_PROJECT_VERSION = 1;
				GENERATE_INFOPLIST_FILE = YES;
				INFOPLIST_FILE = Sportero/Info.plist;
				INFOPLIST_KEY_UIApplicationSupportsIndirectInputEvents = YES;
				INFOPLIST_KEY_UILaunchStoryboardName = LaunchScreen;
				INFOPLIST_KEY_UIMainStoryboardFile = Main;
				INFOPLIST_KEY_UISupportedInterfaceOrientations_iPad = "UIInterfaceOrientationPortrait UIInterfaceOrientationPortraitUpsideDown UIInterfaceOrientationLandscapeLeft UIInterfaceOrientationLandscapeRight";
				INFOPLIST_KEY_UISupportedInterfaceOrientations_iPhone = "UIInterfaceOrientationPortrait UIInterfaceOrientationLandscapeLeft UIInterfaceOrientationLandscapeRight";
				LD_RUNPATH_SEARCH_PATHS = (
					"$(inherited)",
					"@executable_path/Frameworks",
				);
				MARKETING_VERSION = 1.0;
				PRODUCT_BUNDLE_IDENTIFIER = Swift.Sportero;
				PRODUCT_NAME = "$(TARGET_NAME)";
				SWIFT_EMIT_LOC_STRINGS = YES;
				SWIFT_VERSION = 5.0;
				TARGETED_DEVICE_FAMILY = "1,2";
			};
			name = Release;
		};
/* End XCBuildConfiguration section */

/* Begin XCConfigurationList section */
		C9AC192F2A084F9900391A61 /* Build configuration list for PBXNativeTarget "SporteroTests" */ = {
			isa = XCConfigurationList;
			buildConfigurations = (
				C9AC19302A084F9900391A61 /* Debug */,
				C9AC19312A084F9900391A61 /* Release */,
			);
			defaultConfigurationIsVisible = 0;
			defaultConfigurationName = Release;
		};
		C9BA75B22A001CC800E33557 /* Build configuration list for PBXProject "Sportero" */ = {
			isa = XCConfigurationList;
			buildConfigurations = (
				C9BA75CC2A001CCA00E33557 /* Debug */,
				C9BA75CD2A001CCA00E33557 /* Release */,
			);
			defaultConfigurationIsVisible = 0;
			defaultConfigurationName = Release;
		};
		C9BA75CE2A001CCA00E33557 /* Build configuration list for PBXNativeTarget "Sportero" */ = {
			isa = XCConfigurationList;
			buildConfigurations = (
				C9BA75CF2A001CCA00E33557 /* Debug */,
				C9BA75D02A001CCA00E33557 /* Release */,
			);
			defaultConfigurationIsVisible = 0;
			defaultConfigurationName = Release;
		};
/* End XCConfigurationList section */

/* Begin XCVersionGroup section */
		C9BA75C32A001CC800E33557 /* Sportero.xcdatamodeld */ = {
			isa = XCVersionGroup;
			children = (
				C9BA75C42A001CC800E33557 /* Sportero.xcdatamodel */,
			);
			currentVersion = C9BA75C42A001CC800E33557 /* Sportero.xcdatamodel */;
			path = Sportero.xcdatamodeld;
			sourceTree = "<group>";
			versionGroupType = wrapper.xcdatamodel;
		};
/* End XCVersionGroup section */
	};
	rootObject = C9BA75AF2A001CC800E33557 /* Project object */;
}
